{
  "name": "automan",
  "version": "1.0.0",
  "lockfileVersion": 1,
  "requires": true,
  "dependencies": {
    "3d-force-graph": {
      "version": "1.29.1",
      "resolved": "https://registry.npmjs.org/3d-force-graph/-/3d-force-graph-1.29.1.tgz",
      "integrity": "sha512-ScVpW1Vaw5evbJcpTyV6yVuVCqZ4TAOjFQK4JNFbzfhXM5UpYzyOgaDIo8b8wsxFkniylzG1q/zZV/MB8bMjeA==",
      "requires": {
        "accessor-fn": "1.2.2",
        "kapsule": "1.9.1",
        "three": "0.91.0",
        "three-dragcontrols": "0.88.2",
        "three-forcegraph": "1.9.5",
        "three-render-objects": "0.2.1"
      }
    },
    "accessor-fn": {
      "version": "1.2.2",
      "resolved": "https://registry.npmjs.org/accessor-fn/-/accessor-fn-1.2.2.tgz",
      "integrity": "sha1-3VLCcUZTiLKXZKt58iIt7dEeSbI="
    },
    "angular": {
      "version": "1.6.9",
      "resolved": "https://registry.npmjs.org/angular/-/angular-1.6.9.tgz",
      "integrity": "sha512-6igWH2GIsxV+J38wNWCh8oyjaZsrIPIDO35twloIUyjlF2Yit6UyLAWujHP05ma/LFxTsx4NtYibRoMNBXPR1A=="
    },
    "angular-screenshot": {
      "version": "0.4.1",
      "resolved": "https://registry.npmjs.org/angular-screenshot/-/angular-screenshot-0.4.1.tgz",
      "integrity": "sha1-J++Q8VtIivtz1pYwvajmZ90phGY=",
      "requires": {
        "angular": "1.6.9"
      }
    },
    "base64-arraybuffer": {
      "version": "0.1.5",
      "resolved": "https://registry.npmjs.org/base64-arraybuffer/-/base64-arraybuffer-0.1.5.tgz",
      "integrity": "sha1-c5JncZI7Whl0etZmqlzUv5xunOg="
    },
    "bootstrap": {
      "version": "3.3.7",
      "resolved": "https://registry.npmjs.org/bootstrap/-/bootstrap-3.3.7.tgz",
      "integrity": "sha1-WjiTlFSfIzMIdaOxUGVldPip63E="
    },
    "css-line-break": {
      "version": "1.0.1",
      "resolved": "https://registry.npmjs.org/css-line-break/-/css-line-break-1.0.1.tgz",
      "integrity": "sha1-GfIGOjPpX7KDG4ZEbAuAwYivRQo=",
      "requires": {
        "base64-arraybuffer": "0.1.5"
      }
    },
    "d3-binarytree": {
      "version": "0.1.2",
      "resolved": "https://registry.npmjs.org/d3-binarytree/-/d3-binarytree-0.1.2.tgz",
      "integrity": "sha1-Y+J3TxNpG72REqgLXtbpkCsyfwo="
    },
    "d3-collection": {
      "version": "1.0.4",
      "resolved": "https://registry.npmjs.org/d3-collection/-/d3-collection-1.0.4.tgz",
      "integrity": "sha1-NC39EoN8kJdPM/HMCnha6lcNzcI="
    },
    "d3-color": {
      "version": "1.0.3",
      "resolved": "https://registry.npmjs.org/d3-color/-/d3-color-1.0.3.tgz",
      "integrity": "sha1-vHZD/KjlOoNH4vva/6I2eWtYUJs="
    },
    "d3-dispatch": {
      "version": "1.0.3",
      "resolved": "https://registry.npmjs.org/d3-dispatch/-/d3-dispatch-1.0.3.tgz",
      "integrity": "sha1-RuFJHqqbWMNY/OW+TovtYm54cfg="
    },
    "d3-force-3d": {
      "version": "1.1.0",
      "resolved": "https://registry.npmjs.org/d3-force-3d/-/d3-force-3d-1.1.0.tgz",
      "integrity": "sha512-gR1kqdrkuxMIyP0M9db8E9UXy2yp4a20ktCxy1ENMYFQJtUcWEc3f/Zy7db/qobiw9Xn1ZjlECvlFXSUjFDHzw==",
      "requires": {
        "d3-binarytree": "0.1.2",
        "d3-collection": "1.0.4",
        "d3-dispatch": "1.0.3",
        "d3-octree": "0.1.2",
        "d3-quadtree": "1.0.3",
        "d3-timer": "1.0.7"
      }
    },
    "d3-interpolate": {
      "version": "1.1.6",
      "resolved": "https://registry.npmjs.org/d3-interpolate/-/d3-interpolate-1.1.6.tgz",
      "integrity": "sha512-mOnv5a+pZzkNIHtw/V6I+w9Lqm9L5bG3OTXPM5A+QO0yyVMQ4W1uZhR+VOJmazaOZXri2ppbiZ5BUNWT0pFM9A==",
      "requires": {
        "d3-color": "1.0.3"
      }
    },
    "d3-octree": {
      "version": "0.1.2",
      "resolved": "https://registry.npmjs.org/d3-octree/-/d3-octree-0.1.2.tgz",
      "integrity": "sha1-N7+RnfeeZh7aWGWSHrbKfwOJf8w="
    },
    "d3-quadtree": {
      "version": "1.0.3",
      "resolved": "https://registry.npmjs.org/d3-quadtree/-/d3-quadtree-1.0.3.tgz",
      "integrity": "sha1-rHmH4+I/6AWpkPKOG1DTj8uCJDg="
    },
    "d3-scale-chromatic": {
      "version": "1.2.0",
      "resolved": "https://registry.npmjs.org/d3-scale-chromatic/-/d3-scale-chromatic-1.2.0.tgz",
      "integrity": "sha512-qQUhLi8fPe/F0b0M46C6eFUbms5IIMHuhJ5DKjjzBUvm1b6aPtygJzGbrMdMUD/ckLBq+NdWwHeN2cpMDp4Q5Q==",
      "requires": {
        "d3-color": "1.0.3",
        "d3-interpolate": "1.1.6"
      }
    },
    "d3-timer": {
      "version": "1.0.7",
      "resolved": "https://registry.npmjs.org/d3-timer/-/d3-timer-1.0.7.tgz",
      "integrity": "sha512-vMZXR88XujmG/L5oB96NNKH5lCWwiLM/S2HyyAQLcjWJCloK5shxta4CwOFYLZoY3AWX73v8Lgv4cCAdWtRmOA=="
    },
    "debounce": {
      "version": "1.1.0",
      "resolved": "https://registry.npmjs.org/debounce/-/debounce-1.1.0.tgz",
      "integrity": "sha512-ZQVKfRVlwRfD150ndzEK8M90ABT+Y/JQKs4Y7U4MXdpuoUkkrr4DwKbVux3YjylA5bUMUj0Nc3pMxPJX6N2QQQ=="
    },
    "gsap": {
      "version": "1.20.4",
      "resolved": "https://registry.npmjs.org/gsap/-/gsap-1.20.4.tgz",
      "integrity": "sha1-AF+6Knv7s7nSe9d+FjTSutNlqGo="
    },
    "html2canvas": {
      "version": "1.0.0-alpha.12",
      "resolved": "https://registry.npmjs.org/html2canvas/-/html2canvas-1.0.0-alpha.12.tgz",
      "integrity": "sha1-OxmS48mz9WBjw1/WIElPN+uohRM=",
      "requires": {
        "css-line-break": "1.0.1"
      }
    },
    "jquery": {
      "version": "3.3.1",
      "resolved": "https://registry.npmjs.org/jquery/-/jquery-3.3.1.tgz",
      "integrity": "sha512-Ubldcmxp5np52/ENotGxlLe6aGMvmF4R8S6tZjsP6Knsaxd/xp3Zrh50cG93lR6nPXyUFwzN3ZSOQI0wRJNdGg=="
    },
    "jquery-unveil": {
      "version": "1.3.2",
      "resolved": "https://registry.npmjs.org/jquery-unveil/-/jquery-unveil-1.3.2.tgz",
      "integrity": "sha1-xBEN6Bfm2MF5DnBpMUCk5Gn8PJ8="
    },
    "kapsule": {
      "version": "1.9.1",
      "resolved": "https://registry.npmjs.org/kapsule/-/kapsule-1.9.1.tgz",
      "integrity": "sha512-Ir7ktYEp6mFfKn9PKP5JcHVUqEwKxa8U0bWUugOEzD8v1TLZAlAZDHuJk/VcotiPm3/j3iQn1stgCNZApn+g8g==",
      "requires": {
        "debounce": "1.1.0"
      }
    },
    "ngraph.events": {
      "version": "0.0.4",
      "resolved": "https://registry.npmjs.org/ngraph.events/-/ngraph.events-0.0.4.tgz",
      "integrity": "sha1-css2RIjdD9fwV0WESfajsXpyLZo="
    },
    "ngraph.expose": {
      "version": "0.0.0",
      "resolved": "https://registry.npmjs.org/ngraph.expose/-/ngraph.expose-0.0.0.tgz",
      "integrity": "sha1-dGw0kDo4SMRdAzsUvGRhnqhf5ao="
    },
    "ngraph.forcelayout": {
      "version": "0.5.0",
      "resolved": "https://registry.npmjs.org/ngraph.forcelayout/-/ngraph.forcelayout-0.5.0.tgz",
      "integrity": "sha1-UVEcPh20XT1UNtp137HWrwl5FvU=",
      "requires": {
        "ngraph.events": "0.0.4",
        "ngraph.physics.simulator": "0.3.0"
      }
    },
    "ngraph.forcelayout3d": {
      "version": "0.0.16",
      "resolved": "https://registry.npmjs.org/ngraph.forcelayout3d/-/ngraph.forcelayout3d-0.0.16.tgz",
      "integrity": "sha1-zp2d9eEmmJPOdFPuuPtTwYlgosE=",
      "requires": {
        "ngraph.expose": "0.0.0",
        "ngraph.forcelayout": "0.0.22",
        "ngraph.merge": "0.0.1",
        "ngraph.physics.primitives": "0.0.7",
        "ngraph.quadtreebh3d": "0.0.3",
        "ngraph.random": "0.0.1"
      },
      "dependencies": {
        "ngraph.events": {
          "version": "0.0.3",
          "resolved": "https://registry.npmjs.org/ngraph.events/-/ngraph.events-0.0.3.tgz",
          "integrity": "sha1-OPVTFvPSB61jH/lPZiLKjywOh9A="
        },
        "ngraph.forcelayout": {
          "version": "0.0.22",
          "resolved": "https://registry.npmjs.org/ngraph.forcelayout/-/ngraph.forcelayout-0.0.22.tgz",
          "integrity": "sha1-2sa+5PJBC4J6UfM+OnbTDZkGSec=",
          "requires": {
            "ngraph.events": "0.0.3",
            "ngraph.physics.simulator": "0.0.12"
          }
        },
        "ngraph.physics.simulator": {
          "version": "0.0.12",
          "resolved": "https://registry.npmjs.org/ngraph.physics.simulator/-/ngraph.physics.simulator-0.0.12.tgz",
          "integrity": "sha1-JMhZxEDeo2zV2yBbqAoW8SEXQnk=",
          "requires": {
            "ngraph.events": "0.0.3",
            "ngraph.expose": "0.0.0",
            "ngraph.merge": "0.0.1",
            "ngraph.physics.primitives": "0.0.7",
            "ngraph.quadtreebh": "0.0.3",
            "ngraph.random": "0.0.1"
          }
        },
        "ngraph.quadtreebh": {
          "version": "0.0.3",
          "resolved": "https://registry.npmjs.org/ngraph.quadtreebh/-/ngraph.quadtreebh-0.0.3.tgz",
          "integrity": "sha1-mu4qCTGxl4DTStg2FulqJTZ1EpU=",
          "requires": {
            "ngraph.random": "0.0.1"
          }
        }
      }
    },
    "ngraph.graph": {
      "version": "0.0.14",
      "resolved": "https://registry.npmjs.org/ngraph.graph/-/ngraph.graph-0.0.14.tgz",
      "integrity": "sha1-1HrJSWfJIKr3aVLYpOczRuHfLbc=",
      "requires": {
        "ngraph.events": "0.0.3"
      },
      "dependencies": {
        "ngraph.events": {
          "version": "0.0.3",
          "resolved": "https://registry.npmjs.org/ngraph.events/-/ngraph.events-0.0.3.tgz",
          "integrity": "sha1-OPVTFvPSB61jH/lPZiLKjywOh9A="
        }
      }
    },
    "ngraph.merge": {
      "version": "0.0.1",
      "resolved": "https://registry.npmjs.org/ngraph.merge/-/ngraph.merge-0.0.1.tgz",
      "integrity": "sha1-5OgM43WBo8lrF9VF46Q8hUNLkCU="
    },
    "ngraph.physics.primitives": {
      "version": "0.0.7",
      "resolved": "https://registry.npmjs.org/ngraph.physics.primitives/-/ngraph.physics.primitives-0.0.7.tgz",
      "integrity": "sha1-Xcnhebofkubex3SwHNaJFBILeVs="
    },
    "ngraph.physics.simulator": {
      "version": "0.3.0",
      "resolved": "https://registry.npmjs.org/ngraph.physics.simulator/-/ngraph.physics.simulator-0.3.0.tgz",
      "integrity": "sha1-fKb8PjYXxz4QgFcuqo4E27d+AQI=",
      "requires": {
        "ngraph.events": "0.0.3",
        "ngraph.expose": "0.0.0",
        "ngraph.merge": "0.0.1",
        "ngraph.physics.primitives": "0.0.7",
        "ngraph.quadtreebh": "0.0.4",
        "ngraph.random": "0.0.1"
      },
      "dependencies": {
        "ngraph.events": {
          "version": "0.0.3",
          "resolved": "https://registry.npmjs.org/ngraph.events/-/ngraph.events-0.0.3.tgz",
          "integrity": "sha1-OPVTFvPSB61jH/lPZiLKjywOh9A="
        }
      }
    },
    "ngraph.quadtreebh": {
      "version": "0.0.4",
      "resolved": "https://registry.npmjs.org/ngraph.quadtreebh/-/ngraph.quadtreebh-0.0.4.tgz",
      "integrity": "sha1-xwDUTm5K8HttBQAbo5h/9eLc1iw=",
      "requires": {
        "ngraph.random": "0.0.1"
      }
    },
    "ngraph.quadtreebh3d": {
      "version": "0.0.3",
      "resolved": "https://registry.npmjs.org/ngraph.quadtreebh3d/-/ngraph.quadtreebh3d-0.0.3.tgz",
      "integrity": "sha1-eys2vXef62Rnz7d07lnPk7i3Vqg=",
      "requires": {
        "ngraph.random": "0.0.1"
      }
    },
    "ngraph.random": {
      "version": "0.0.1",
      "resolved": "https://registry.npmjs.org/ngraph.random/-/ngraph.random-0.0.1.tgz",
      "integrity": "sha1-wAji67/f+vF+0Q5LvJE+VnFmvPg="
    },
    "retinajs": {
      "version": "2.1.3",
      "resolved": "https://registry.npmjs.org/retinajs/-/retinajs-2.1.3.tgz",
      "integrity": "sha512-ypjZKVntFXRwTVQaR1yyNiO0UsMOfHlAklQNlgnMJqTFuj+S/w3iYHOcFJRX39OYcB6LcYjN9zDBnwuOdxvwyA=="
    },
    "three": {
      "version": "0.91.0",
      "resolved": "https://registry.npmjs.org/three/-/three-0.91.0.tgz",
      "integrity": "sha512-dzikzdcddNROFZi3vkbV8YonBmqnonbJv2FxlQBEE2wKzZutddnjiS8qBZG2+EB40l505Xw8OMClQm+GmbwI/g=="
    },
    "three-dragcontrols": {
      "version": "0.88.2",
      "resolved": "https://registry.npmjs.org/three-dragcontrols/-/three-dragcontrols-0.88.2.tgz",
      "integrity": "sha512-Qqhbo7+K5TAeqlYlUiI0EBp14uI9nbgoLANas3p4v4kz3h5HmOlComV9UhLI2x3BtdCdcHSuiyDL7sTrtP772w=="
    },
    "three-forcegraph": {
      "version": "1.9.5",
      "resolved": "https://registry.npmjs.org/three-forcegraph/-/three-forcegraph-1.9.5.tgz",
      "integrity": "sha512-oBMg3x2ixBktu4rkvT7yX44TldSPPrvEV56Mla6gj5NkL6RWSMyqeYVdsiz8QnF+ncF0+K7hndTF9rRJF+sL/w==",
      "requires": {
        "accessor-fn": "1.2.2",
        "d3-force-3d": "1.1.0",
        "d3-scale-chromatic": "1.2.0",
        "kapsule": "1.9.1",
        "ngraph.forcelayout": "0.5.0",
        "ngraph.forcelayout3d": "0.0.16",
        "ngraph.graph": "0.0.14",
        "tinycolor2": "1.4.1"
      }
    },
    "three-render-objects": {
      "version": "0.2.1",
      "resolved": "https://registry.npmjs.org/three-render-objects/-/three-render-objects-0.2.1.tgz",
      "integrity": "sha512-pCMxh191m9liokXBz9rRANt/X/g8L+9RXZg5Ut2QhoR3N9ZjXwG/Fy9vTMcAn7xNaoZNS0UORe8f/CPnYKWSAQ==",
      "requires": {
        "accessor-fn": "1.2.2",
        "gsap": "1.20.4",
        "kapsule": "1.9.1",
        "three-trackballcontrols": "0.0.7",
        "tinycolor2": "1.4.1"
      }
    },
    "three-trackballcontrols": {
      "version": "0.0.7",
      "resolved": "https://registry.npmjs.org/three-trackballcontrols/-/three-trackballcontrols-0.0.7.tgz",
      "integrity": "sha512-vWs5XkBnhFb5TkqiEHcvZf50FcOVlXTYL4OT4ydeFr0r7j5H6HYf6ODYnYr7todUECxNf/rbh8zSQKFb0NW83w=="
    },
    "tinycolor2": {
      "version": "1.4.1",
      "resolved": "https://registry.npmjs.org/tinycolor2/-/tinycolor2-1.4.1.tgz",
      "integrity": "sha1-9PrTM0R7wLB9TcjpIJ2POaisd+g="
    }
  }
}
